
Microsoft Visual Studio Solution File, Format Version 12.00
# Visual Studio 2013
VisualStudioVersion = 12.0.31101.0
MinimumVisualStudioVersion = 10.0.40219.1
Project("{FAE04EC0-301F-11D3-BF4B-00C04F79EFBC}") = "TrainingRequest", "TrainingRequest\TrainingRequest.csproj", "{1E36D8E7-A7FA-43A4-91C8-CB829E0FE499}"
EndProject
Project("{2150E333-8FDC-42A3-9474-1A3956D46DE8}") = "Build", "Build", "{D4314558-5606-446A-9DF8-BD1A39E8CC38}"
	ProjectSection(SolutionItems) = preProject
		..\Build\Migrator.exe = ..\Build\Migrator.exe
	EndProjectSection
EndProject
Project("{2150E333-8FDC-42A3-9474-1A3956D46DE8}") = "Migrations", "Migrations", "{DD1F4613-BFD5-470C-81D2-0B4FA2E75398}"
	ProjectSection(SolutionItems) = preProject
		..\Migrations\001 - Bootstrap Migrator.sql = ..\Migrations\001 - Bootstrap Migrator.sql
		..\Migrations\local.migrate with force.bat = ..\Migrations\local.migrate with force.bat
		..\Migrations\local.migrate.bat = ..\Migrations\local.migrate.bat
		..\Migrations\production.migrate with force.bat = ..\Migrations\production.migrate with force.bat
		..\Migrations\production.migrate.bat = ..\Migrations\production.migrate.bat
	EndProjectSection
EndProject
Project("{2150E333-8FDC-42A3-9474-1A3956D46DE8}") = "Scripts", "Scripts", "{B8D6D234-468A-434C-90EF-B5CA5DD05D11}"
EndProject
Project("{2150E333-8FDC-42A3-9474-1A3956D46DE8}") = "publish", "publish", "{5D220EBD-4CCA-4184-90E0-9D0189CAE672}"
EndProject
Global
	GlobalSection(SolutionConfigurationPlatforms) = preSolution
		Debug|Any CPU = Debug|Any CPU
		Release|Any CPU = Release|Any CPU
	EndGlobalSection
	GlobalSection(ProjectConfigurationPlatforms) = postSolution
		{1E36D8E7-A7FA-43A4-91C8-CB829E0FE499}.Debug|Any CPU.ActiveCfg = Debug|Any CPU
		{1E36D8E7-A7FA-43A4-91C8-CB829E0FE499}.Debug|Any CPU.Build.0 = Debug|Any CPU
		{1E36D8E7-A7FA-43A4-91C8-CB829E0FE499}.Release|Any CPU.ActiveCfg = Release|Any CPU
		{1E36D8E7-A7FA-43A4-91C8-CB829E0FE499}.Release|Any CPU.Build.0 = Release|Any CPU
	EndGlobalSection
	GlobalSection(SolutionProperties) = preSolution
		HideSolutionNode = FALSE
	EndGlobalSection
EndGlobal
